
Microsoft Visual Studio Solution File, Format Version 12.00
Project("{FAE04EC0-301F-11D3-BF4B-00C04F79EFBC}") = "AwesomeApiTest.Sut", "AwesomeApiTest.Sut\AwesomeApiTest.Sut.csproj", "{8993750C-4946-49E9-954E-3400CF8D5617}"
EndProject
Project("{FAE04EC0-301F-11D3-BF4B-00C04F79EFBC}") = "AwesomeApiTest.Nunit", "AwesomeApiTest.Nunit\AwesomeApiTest.Nunit.csproj", "{3170F491-B99C-4C35-BF43-57EFAC238D84}"
EndProject
Project("{FAE04EC0-301F-11D3-BF4B-00C04F79EFBC}") = "AwesomeApiTest.Xunit", "AwesomeApiTest.Xunit\AwesomeApiTest.Xunit.csproj", "{A6DD4AAD-F475-40F1-B623-CF9D2EEC8944}"
EndProject
Project("{FAE04EC0-301F-11D3-BF4B-00C04F79EFBC}") = "AwesomeApiTest", "AwesomeApiTest\AwesomeApiTest.csproj", "{D3C52B1C-DF1C-41BC-919B-8C5C000B1E8C}"
EndProject
Project("{FAE04EC0-301F-11D3-BF4B-00C04F79EFBC}") = "AwesomeApiTest.Mssql", "AwesomeApiTest.Mssql\AwesomeApiTest.Mssql.csproj", "{63520038-CA8F-4188-BE1D-C36069469BA7}"
EndProject
Project("{2150E333-8FDC-42A3-9474-1A3956D46DE8}") = "Examples", "Examples", "{FB8382F9-4F4C-4080-ACD6-7112A55C2D65}"
EndProject
Project("{FAE04EC0-301F-11D3-BF4B-00C04F79EFBC}") = "AwesomeApiTest.PostgreSql", "AwesomeApiTest.PostgreSql\AwesomeApiTest.PostgreSql.csproj", "{BD7FF713-E39A-45AC-8FF7-861F09F0CF3F}"
EndProject
Project("{FAE04EC0-301F-11D3-BF4B-00C04F79EFBC}") = "AwesomeApiTest.Sqllite", "AwesomeApiTest.Sqllite\AwesomeApiTest.Sqllite.csproj", "{518C578B-B6B8-4798-ADE6-0B20D82744A8}"
EndProject
Project("{2150E333-8FDC-42A3-9474-1A3956D46DE8}") = "PostgreSql", "PostgreSql", "{3B281369-C340-4B9F-831F-8D56C4004598}"
EndProject
Global
	GlobalSection(SolutionConfigurationPlatforms) = preSolution
		Debug|Any CPU = Debug|Any CPU
		Release|Any CPU = Release|Any CPU
	EndGlobalSection
	GlobalSection(ProjectConfigurationPlatforms) = postSolution
		{8993750C-4946-49E9-954E-3400CF8D5617}.Debug|Any CPU.ActiveCfg = Debug|Any CPU
		{8993750C-4946-49E9-954E-3400CF8D5617}.Debug|Any CPU.Build.0 = Debug|Any CPU
		{8993750C-4946-49E9-954E-3400CF8D5617}.Release|Any CPU.ActiveCfg = Release|Any CPU
		{8993750C-4946-49E9-954E-3400CF8D5617}.Release|Any CPU.Build.0 = Release|Any CPU
		{3170F491-B99C-4C35-BF43-57EFAC238D84}.Debug|Any CPU.ActiveCfg = Debug|Any CPU
		{3170F491-B99C-4C35-BF43-57EFAC238D84}.Debug|Any CPU.Build.0 = Debug|Any CPU
		{3170F491-B99C-4C35-BF43-57EFAC238D84}.Release|Any CPU.ActiveCfg = Release|Any CPU
		{3170F491-B99C-4C35-BF43-57EFAC238D84}.Release|Any CPU.Build.0 = Release|Any CPU
		{A6DD4AAD-F475-40F1-B623-CF9D2EEC8944}.Debug|Any CPU.ActiveCfg = Debug|Any CPU
		{A6DD4AAD-F475-40F1-B623-CF9D2EEC8944}.Debug|Any CPU.Build.0 = Debug|Any CPU
		{A6DD4AAD-F475-40F1-B623-CF9D2EEC8944}.Release|Any CPU.ActiveCfg = Release|Any CPU
		{A6DD4AAD-F475-40F1-B623-CF9D2EEC8944}.Release|Any CPU.Build.0 = Release|Any CPU
		{D3C52B1C-DF1C-41BC-919B-8C5C000B1E8C}.Debug|Any CPU.ActiveCfg = Debug|Any CPU
		{D3C52B1C-DF1C-41BC-919B-8C5C000B1E8C}.Debug|Any CPU.Build.0 = Debug|Any CPU
		{D3C52B1C-DF1C-41BC-919B-8C5C000B1E8C}.Release|Any CPU.ActiveCfg = Release|Any CPU
		{D3C52B1C-DF1C-41BC-919B-8C5C000B1E8C}.Release|Any CPU.Build.0 = Release|Any CPU
		{63520038-CA8F-4188-BE1D-C36069469BA7}.Debug|Any CPU.ActiveCfg = Debug|Any CPU
		{63520038-CA8F-4188-BE1D-C36069469BA7}.Debug|Any CPU.Build.0 = Debug|Any CPU
		{63520038-CA8F-4188-BE1D-C36069469BA7}.Release|Any CPU.ActiveCfg = Release|Any CPU
		{63520038-CA8F-4188-BE1D-C36069469BA7}.Release|Any CPU.Build.0 = Release|Any CPU
		{BD7FF713-E39A-45AC-8FF7-861F09F0CF3F}.Debug|Any CPU.ActiveCfg = Debug|Any CPU
		{BD7FF713-E39A-45AC-8FF7-861F09F0CF3F}.Debug|Any CPU.Build.0 = Debug|Any CPU
		{BD7FF713-E39A-45AC-8FF7-861F09F0CF3F}.Release|Any CPU.ActiveCfg = Release|Any CPU
		{BD7FF713-E39A-45AC-8FF7-861F09F0CF3F}.Release|Any CPU.Build.0 = Release|Any CPU
		{518C578B-B6B8-4798-ADE6-0B20D82744A8}.Debug|Any CPU.ActiveCfg = Debug|Any CPU
		{518C578B-B6B8-4798-ADE6-0B20D82744A8}.Debug|Any CPU.Build.0 = Debug|Any CPU
		{518C578B-B6B8-4798-ADE6-0B20D82744A8}.Release|Any CPU.ActiveCfg = Release|Any CPU
		{518C578B-B6B8-4798-ADE6-0B20D82744A8}.Release|Any CPU.Build.0 = Release|Any CPU
	EndGlobalSection
	GlobalSection(NestedProjects) = preSolution
		{3B281369-C340-4B9F-831F-8D56C4004598} = {FB8382F9-4F4C-4080-ACD6-7112A55C2D65}
		{3170F491-B99C-4C35-BF43-57EFAC238D84} = {3B281369-C340-4B9F-831F-8D56C4004598}
		{8993750C-4946-49E9-954E-3400CF8D5617} = {3B281369-C340-4B9F-831F-8D56C4004598}
		{A6DD4AAD-F475-40F1-B623-CF9D2EEC8944} = {3B281369-C340-4B9F-831F-8D56C4004598}
	EndGlobalSection
EndGlobal
